
Microsoft Visual Studio Solution File, Format Version 12.00
# Visual Studio Version 17
VisualStudioVersion = 17.8.34322.80
MinimumVisualStudioVersion = 10.0.40219.1
Project("{FAE04EC0-301F-11D3-BF4B-00C04F79EFBC}") = "SolarWatch", "SolarWatch\SolarWatch.csproj", "{345CCE04-4C89-493A-B2B1-E2E0C68D5B08}"
EndProject
Global
	GlobalSection(SolutionConfigurationPlatforms) = preSolution
		Debug|Any CPU = Debug|Any CPU
		Release|Any CPU = Release|Any CPU
	EndGlobalSection
	GlobalSection(ProjectConfigurationPlatforms) = postSolution
		{345CCE04-4C89-493A-B2B1-E2E0C68D5B08}.Debug|Any CPU.ActiveCfg = Debug|Any CPU
		{345CCE04-4C89-493A-B2B1-E2E0C68D5B08}.Debug|Any CPU.Build.0 = Debug|Any CPU
		{345CCE04-4C89-493A-B2B1-E2E0C68D5B08}.Release|Any CPU.ActiveCfg = Release|Any CPU
		{345CCE04-4C89-493A-B2B1-E2E0C68D5B08}.Release|Any CPU.Build.0 = Release|Any CPU
	EndGlobalSection
	GlobalSection(SolutionProperties) = preSolution
		HideSolutionNode = FALSE
	EndGlobalSection
	GlobalSection(ExtensibilityGlobals) = postSolution
		SolutionGuid = {74DC3759-3003-4C43-A184-91AA9FE69192}
	EndGlobalSection
EndGlobal
